
Microsoft Visual Studio Solution File, Format Version 12.00
# Visual Studio 15
VisualStudioVersion = 15.0.27428.2043
MinimumVisualStudioVersion = 10.0.40219.1
Project("{FAE04EC0-301F-11D3-BF4B-00C04F79EFBC}") = "ChickenFarm", "ChickenFarm\ChickenFarm.csproj", "{A398FB4B-1BE1-4AAC-928C-EEA22C4B8100}"
EndProject
Global
	GlobalSection(SolutionConfigurationPlatforms) = preSolution
		Debug|Any CPU = Debug|Any CPU
		Release|Any CPU = Release|Any CPU
	EndGlobalSection
	GlobalSection(ProjectConfigurationPlatforms) = postSolution
		{A398FB4B-1BE1-4AAC-928C-EEA22C4B8100}.Debug|Any CPU.ActiveCfg = Debug|Any CPU
		{A398FB4B-1BE1-4AAC-928C-EEA22C4B8100}.Debug|Any CPU.Build.0 = Debug|Any CPU
		{A398FB4B-1BE1-4AAC-928C-EEA22C4B8100}.Release|Any CPU.ActiveCfg = Release|Any CPU
		{A398FB4B-1BE1-4AAC-928C-EEA22C4B8100}.Release|Any CPU.Build.0 = Release|Any CPU
	EndGlobalSection
	GlobalSection(SolutionProperties) = preSolution
		HideSolutionNode = FALSE
	EndGlobalSection
	GlobalSection(ExtensibilityGlobals) = postSolution
		SolutionGuid = {C748CECD-1D0A-4812-AF16-0FC0476D7B4A}
	EndGlobalSection
EndGlobal
